{
  "name": "@agdf/cli",
  "version": "0.11.2",
  "lockfileVersion": 3,
  "requires": true,
  "packages": {
    "": {
      "name": "@agdf/cli",
      "version": "0.11.2",
      "license": "Apache-2.0",
      "dependencies": {
        "create-agdf": "0.11.2"
      },
      "bin": {
        "agdf": "bin/agdf.js"
      }
    },
    "node_modules/create-agdf": {
      "version": "0.11.2",
      "resolved": "https://registry.npmjs.org/create-agdf/-/create-agdf-0.11.2.tgz",
      "integrity": "sha512-e6Ayb6N8h5l17X+hC8VwNxyY9xpM9XfTUGenpRMXqUyIT4pWlFi7DhC8m/yLE3mcsgkkgKNaMfkKzbZKRpwrFg==",
      "license": "Apache-2.0",
      "bin": {
        "create-agdf": "bin/create-agdf.js"
      }
    }
  }
}
